// !$*UTF8*$!
{
	archiveVersion = 1;
	classes = {
	};
	objectVersion = 56;
	objects = {

/* Begin PBXBuildFile section */
		1B18A50E2C17ADE2005C12CA /* Q8_Sum and Num of Digits in Integer.cpp in Sources */ = {isa = PBXBuildFile; fileRef = 1B18A50D2C17ADE2005C12CA /* Q8_Sum and Num of Digits in Integer.cpp */; };
/* End PBXBuildFile section */

/* Begin PBXCopyFilesBuildPhase section */
		1B07AC9D2C15EB19007E852C /* CopyFiles */ = {
			isa = PBXCopyFilesBuildPhase;
			buildActionMask = 2147483647;
			dstPath = /usr/share/man/man1/;
			dstSubfolderSpec = 0;
			files = (
			);
			runOnlyForDeploymentPostprocessing = 1;
		};
/* End PBXCopyFilesBuildPhase section */

/* Begin PBXFileReference section */
		1B07AC9F2C15EB19007E852C /* CSM 158 QUESTION TRIALS */ = {isa = PBXFileReference; explicitFileType = "compiled.mach-o.executable"; includeInIndex = 0; path = "CSM 158 QUESTION TRIALS"; sourceTree = BUILT_PRODUCTS_DIR; };
		1B07ACA92C15EB57007E852C /* Q4_Mean and Median.cpp */ = {isa = PBXFileReference; lastKnownFileType = sourcecode.cpp.cpp; path = "Q4_Mean and Median.cpp"; sourceTree = "<group>"; };
		1B07ACAA2C15EB57007E852C /* Q1_Employees Netpay.cpp */ = {isa = PBXFileReference; lastKnownFileType = sourcecode.cpp.cpp; path = "Q1_Employees Netpay.cpp"; sourceTree = "<group>"; };
		1B07ACAB2C15EB57007E852C /* Q3_Number Last Occurence.cpp */ = {isa = PBXFileReference; lastKnownFileType = sourcecode.cpp.cpp; path = "Q3_Number Last Occurence.cpp"; sourceTree = "<group>"; };
		1B07ACAC2C15EB57007E852C /* Q5_Sum of Odd and Even.cpp */ = {isa = PBXFileReference; lastKnownFileType = sourcecode.cpp.cpp; path = "Q5_Sum of Odd and Even.cpp"; sourceTree = "<group>"; };
		1B18A50D2C17ADE2005C12CA /* Q8_Sum and Num of Digits in Integer.cpp */ = {isa = PBXFileReference; lastKnownFileType = sourcecode.cpp.cpp; path = "Q8_Sum and Num of Digits in Integer.cpp"; sourceTree = "<group>"; };
		1B1D6B4B2C1798D000FEFC10 /* Q2_Variable Swap.cpp */ = {isa = PBXFileReference; lastKnownFileType = sourcecode.cpp.cpp; path = "Q2_Variable Swap.cpp"; sourceTree = "<group>"; };
		1B1D6B4D2C179B9600FEFC10 /* Q6_Num of Times Digit Appears in Integer.cpp */ = {isa = PBXFileReference; lastKnownFileType = sourcecode.cpp.cpp; path = "Q6_Num of Times Digit Appears in Integer.cpp"; sourceTree = "<group>"; };
/* End PBXFileReference section */

/* Begin PBXFrameworksBuildPhase section */
		1B07AC9C2C15EB19007E852C /* Frameworks */ = {
			isa = PBXFrameworksBuildPhase;
			buildActionMask = 2147483647;
			files = (
			);
			runOnlyForDeploymentPostprocessing = 0;
		};
/* End PBXFrameworksBuildPhase section */

/* Begin PBXGroup section */
		1B07AC962C15EB19007E852C = {
			isa = PBXGroup;
			children = (
				1B07ACA12C15EB19007E852C /* CSM 158 QUESTION TRIALS */,
				1B07ACA02C15EB19007E852C /* Products */,
			);
			sourceTree = "<group>";
		};
		1B07ACA02C15EB19007E852C /* Products */ = {
			isa = PBXGroup;
			children = (
				1B07AC9F2C15EB19007E852C /* CSM 158 QUESTION TRIALS */,
			);
			name = Products;
			sourceTree = "<group>";
		};
		1B07ACA12C15EB19007E852C /* CSM 158 QUESTION TRIALS */ = {
			isa = PBXGroup;
			children = (
				1B18A50D2C17ADE2005C12CA /* Q8_Sum and Num of Digits in Integer.cpp */,
				1B07ACAA2C15EB57007E852C /* Q1_Employees Netpay.cpp */,
				1B1D6B4B2C1798D000FEFC10 /* Q2_Variable Swap.cpp */,
				1B07ACAB2C15EB57007E852C /* Q3_Number Last Occurence.cpp */,
				1B07ACA92C15EB57007E852C /* Q4_Mean and Median.cpp */,
				1B07ACAC2C15EB57007E852C /* Q5_Sum of Odd and Even.cpp */,
				1B1D6B4D2C179B9600FEFC10 /* Q6_Num of Times Digit Appears in Integer.cpp */,
			);
			path = "CSM 158 QUESTION TRIALS";
			sourceTree = "<group>";
		};
/* End PBXGroup section */

/* Begin PBXNativeTarget section */
		1B07AC9E2C15EB19007E852C /* CSM 158 QUESTION TRIALS */ = {
			isa = PBXNativeTarget;
			buildConfigurationList = 1B07ACA62C15EB19007E852C /* Build configuration list for PBXNativeTarget "CSM 158 QUESTION TRIALS" */;
			buildPhases = (
				1B07AC9B2C15EB19007E852C /* Sources */,
				1B07AC9C2C15EB19007E852C /* Frameworks */,
				1B07AC9D2C15EB19007E852C /* CopyFiles */,
			);
			buildRules = (
			);
			dependencies = (
			);
			name = "CSM 158 QUESTION TRIALS";
			productName = "CSM 158 QUESTION TRIALS";
			productReference = 1B07AC9F2C15EB19007E852C /* CSM 158 QUESTION TRIALS */;
			productType = "com.apple.product-type.tool";
		};
/* End PBXNativeTarget section */

/* Begin PBXProject section */
		1B07AC972C15EB19007E852C /* Project object */ = {
			isa = PBXProject;
			attributes = {
				BuildIndependentTargetsInParallel = 1;
				LastUpgradeCheck = 1520;
				TargetAttributes = {
					1B07AC9E2C15EB19007E852C = {
						CreatedOnToolsVersion = 15.2;
					};
				};
			};
			buildConfigurationList = 1B07AC9A2C15EB19007E852C /* Build configuration list for PBXProject "CSM 158 QUESTION TRIALS" */;
			compatibilityVersion = "Xcode 14.0";
			developmentRegion = en;
			hasScannedForEncodings = 0;
			knownRegions = (
				en,
				Base,
			);
			mainGroup = 1B07AC962C15EB19007E852C;
			productRefGroup = 1B07ACA02C15EB19007E852C /* Products */;
			projectDirPath = "";
			projectRoot = "";
			targets = (
				1B07AC9E2C15EB19007E852C /* CSM 158 QUESTION TRIALS */,
			);
		};
/* End PBXProject section */

/* Begin PBXSourcesBuildPhase section */
		1B07AC9B2C15EB19007E852C /* Sources */ = {
			isa = PBXSourcesBuildPhase;
			buildActionMask = 2147483647;
			files = (
				1B18A50E2C17ADE2005C12CA /* Q8_Sum and Num of Digits in Integer.cpp in Sources */,
			);
			runOnlyForDeploymentPostprocessing = 0;
		};
/* End PBXSourcesBuildPhase section */

/* Begin XCBuildConfiguration section */
		1B07ACA42C15EB19007E852C /* Debug */ = {
			isa = XCBuildConfiguration;
			buildSettings = {
				ALWAYS_SEARCH_USER_PATHS = NO;
				ASSETCATALOG_COMPILER_GENERATE_SWIFT_ASSET_SYMBOL_EXTENSIONS = YES;
				CLANG_ANALYZER_NONNULL = YES;
				CLANG_ANALYZER_NUMBER_OBJECT_CONVERSION = YES_AGGRESSIVE;
				CLANG_CXX_LANGUAGE_STANDARD = "gnu++20";
				CLANG_ENABLE_MODULES = YES;
				CLANG_ENABLE_OBJC_ARC = YES;
				CLANG_ENABLE_OBJC_WEAK = YES;
				CLANG_WARN_BLOCK_CAPTURE_AUTORELEASING = YES;
				CLANG_WARN_BOOL_CONVERSION = YES;
				CLANG_WARN_COMMA = YES;
				CLANG_WARN_CONSTANT_CONVERSION = YES;
				CLANG_WARN_DEPRECATED_OBJC_IMPLEMENTATIONS = YES;
				CLANG_WARN_DIRECT_OBJC_ISA_USAGE = YES_ERROR;
				CLANG_WARN_DOCUMENTATION_COMMENTS = YES;
				CLANG_WARN_EMPTY_BODY = YES;
				CLANG_WARN_ENUM_CONVERSION = YES;
				CLANG_WARN_INFINITE_RECURSION = YES;
				CLANG_WARN_INT_CONVERSION = YES;
				CLANG_WARN_NON_LITERAL_NULL_CONVERSION = YES;
				CLANG_WARN_OBJC_IMPLICIT_RETAIN_SELF = YES;
				CLANG_WARN_OBJC_LITERAL_CONVERSION = YES;
				CLANG_WARN_OBJC_ROOT_CLASS = YES_ERROR;
				CLANG_WARN_QUOTED_INCLUDE_IN_FRAMEWORK_HEADER = YES;
				CLANG_WARN_RANGE_LOOP_ANALYSIS = YES;
				CLANG_WARN_STRICT_PROTOTYPES = YES;
				CLANG_WARN_SUSPICIOUS_MOVE = YES;
				CLANG_WARN_UNGUARDED_AVAILABILITY = YES_AGGRESSIVE;
				CLANG_WARN_UNREACHABLE_CODE = YES;
				CLANG_WARN__DUPLICATE_METHOD_MATCH = YES;
				COPY_PHASE_STRIP = NO;
				DEBUG_INFORMATION_FORMAT = dwarf;
				ENABLE_STRICT_OBJC_MSGSEND = YES;
				ENABLE_TESTABILITY = YES;
				ENABLE_USER_SCRIPT_SANDBOXING = YES;
				GCC_C_LANGUAGE_STANDARD = gnu17;
				GCC_DYNAMIC_NO_PIC = NO;
				GCC_NO_COMMON_BLOCKS = YES;
				GCC_OPTIMIZATION_LEVEL = 0;
				GCC_PREPROCESSOR_DEFINITIONS = (
					"DEBUG=1",
					"$(inherited)",
				);
				GCC_WARN_64_TO_32_BIT_CONVERSION = YES;
				GCC_WARN_ABOUT_RETURN_TYPE = YES_ERROR;
				GCC_WARN_UNDECLARED_SELECTOR = YES;
				GCC_WARN_UNINITIALIZED_AUTOS = YES_AGGRESSIVE;
				GCC_WARN_UNUSED_FUNCTION = YES;
				GCC_WARN_UNUSED_VARIABLE = YES;
				LOCALIZATION_PREFERS_STRING_CATALOGS = YES;
				MACOSX_DEPLOYMENT_TARGET = 13.6;
				MTL_ENABLE_DEBUG_INFO = INCLUDE_SOURCE;
				MTL_FAST_MATH = YES;
				ONLY_ACTIVE_ARCH = YES;
				SDKROOT = macosx;
			};
			name = Debug;
		};
		1B07ACA52C15EB19007E852C /* Release */ = {
			isa = XCBuildConfiguration;
			buildSettings = {
				ALWAYS_SEARCH_USER_PATHS = NO;
				ASSETCATALOG_COMPILER_GENERATE_SWIFT_ASSET_SYMBOL_EXTENSIONS = YES;
				CLANG_ANALYZER_NONNULL = YES;
				CLANG_ANALYZER_NUMBER_OBJECT_CONVERSION = YES_AGGRESSIVE;
				CLANG_CXX_LANGUAGE_STANDARD = "gnu++20";
				CLANG_ENABLE_MODULES = YES;
				CLANG_ENABLE_OBJC_ARC = YES;
				CLANG_ENABLE_OBJC_WEAK = YES;
				CLANG_WARN_BLOCK_CAPTURE_AUTORELEASING = YES;
				CLANG_WARN_BOOL_CONVERSION = YES;
				CLANG_WARN_COMMA = YES;
				CLANG_WARN_CONSTANT_CONVERSION = YES;
				CLANG_WARN_DEPRECATED_OBJC_IMPLEMENTATIONS = YES;
				CLANG_WARN_DIRECT_OBJC_ISA_USAGE = YES_ERROR;
				CLANG_WARN_DOCUMENTATION_COMMENTS = YES;
				CLANG_WARN_EMPTY_BODY = YES;
				CLANG_WARN_ENUM_CONVERSION = YES;
				CLANG_WARN_INFINITE_RECURSION = YES;
				CLANG_WARN_INT_CONVERSION = YES;
				CLANG_WARN_NON_LITERAL_NULL_CONVERSION = YES;
				CLANG_WARN_OBJC_IMPLICIT_RETAIN_SELF = YES;
				CLANG_WARN_OBJC_LITERAL_CONVERSION = YES;
				CLANG_WARN_OBJC_ROOT_CLASS = YES_ERROR;
				CLANG_WARN_QUOTED_INCLUDE_IN_FRAMEWORK_HEADER = YES;
				CLANG_WARN_RANGE_LOOP_ANALYSIS = YES;
				CLANG_WARN_STRICT_PROTOTYPES = YES;
				CLANG_WARN_SUSPICIOUS_MOVE = YES;
				CLANG_WARN_UNGUARDED_AVAILABILITY = YES_AGGRESSIVE;
				CLANG_WARN_UNREACHABLE_CODE = YES;
				CLANG_WARN__DUPLICATE_METHOD_MATCH = YES;
				COPY_PHASE_STRIP = NO;
				DEBUG_INFORMATION_FORMAT = "dwarf-with-dsym";
				ENABLE_NS_ASSERTIONS = NO;
				ENABLE_STRICT_OBJC_MSGSEND = YES;
				ENABLE_USER_SCRIPT_SANDBOXING = YES;
				GCC_C_LANGUAGE_STANDARD = gnu17;
				GCC_NO_COMMON_BLOCKS = YES;
				GCC_WARN_64_TO_32_BIT_CONVERSION = YES;
				GCC_WARN_ABOUT_RETURN_TYPE = YES_ERROR;
				GCC_WARN_UNDECLARED_SELECTOR = YES;
				GCC_WARN_UNINITIALIZED_AUTOS = YES_AGGRESSIVE;
				GCC_WARN_UNUSED_FUNCTION = YES;
				GCC_WARN_UNUSED_VARIABLE = YES;
				LOCALIZATION_PREFERS_STRING_CATALOGS = YES;
				MACOSX_DEPLOYMENT_TARGET = 13.6;
				MTL_ENABLE_DEBUG_INFO = NO;
				MTL_FAST_MATH = YES;
				SDKROOT = macosx;
			};
			name = Release;
		};
		1B07ACA72C15EB19007E852C /* Debug */ = {
			isa = XCBuildConfiguration;
			buildSettings = {
				CODE_SIGN_STYLE = Automatic;
				PRODUCT_NAME = "$(TARGET_NAME)";
			};
			name = Debug;
		};
		1B07ACA82C15EB19007E852C /* Release */ = {
			isa = XCBuildConfiguration;
			buildSettings = {
				CODE_SIGN_STYLE = Automatic;
				PRODUCT_NAME = "$(TARGET_NAME)";
			};
			name = Release;
		};
/* End XCBuildConfiguration section */

/* Begin XCConfigurationList section */
		1B07AC9A2C15EB19007E852C /* Build configuration list for PBXProject "CSM 158 QUESTION TRIALS" */ = {
			isa = XCConfigurationList;
			buildConfigurations = (
				1B07ACA42C15EB19007E852C /* Debug */,
				1B07ACA52C15EB19007E852C /* Release */,
			);
			defaultConfigurationIsVisible = 0;
			defaultConfigurationName = Release;
		};
		1B07ACA62C15EB19007E852C /* Build configuration list for PBXNativeTarget "CSM 158 QUESTION TRIALS" */ = {
			isa = XCConfigurationList;
			buildConfigurations = (
				1B07ACA72C15EB19007E852C /* Debug */,
				1B07ACA82C15EB19007E852C /* Release */,
			);
			defaultConfigurationIsVisible = 0;
			defaultConfigurationName = Release;
		};
/* End XCConfigurationList section */
	};
	rootObject = 1B07AC972C15EB19007E852C /* Project object */;
}
